// !$*UTF8*$!
{
	archiveVersion = 1;
	classes = {
	};
	objectVersion = 48;
	objects = {

/* Begin PBXBuildFile section */
		1809048E1FB59F530080AC56 /* AppDelegate.swift in Sources */ = {isa = PBXBuildFile; fileRef = 1809048D1FB59F530080AC56 /* AppDelegate.swift */; };
		180904901FB59F530080AC56 /* ViewController.swift in Sources */ = {isa = PBXBuildFile; fileRef = 1809048F1FB59F530080AC56 /* ViewController.swift */; };
		180904931FB59F530080AC56 /* Main.storyboard in Resources */ = {isa = PBXBuildFile; fileRef = 180904911FB59F530080AC56 /* Main.storyboard */; };
		180904951FB59F530080AC56 /* Assets.xcassets in Resources */ = {isa = PBXBuildFile; fileRef = 180904941FB59F530080AC56 /* Assets.xcassets */; };
		180904981FB59F530080AC56 /* LaunchScreen.storyboard in Resources */ = {isa = PBXBuildFile; fileRef = 180904961FB59F530080AC56 /* LaunchScreen.storyboard */; };
		180904A31FB59F530080AC56 /* TippyTests.swift in Sources */ = {isa = PBXBuildFile; fileRef = 180904A21FB59F530080AC56 /* TippyTests.swift */; };
		180904AE1FB59F530080AC56 /* TippyUITests.swift in Sources */ = {isa = PBXBuildFile; fileRef = 180904AD1FB59F530080AC56 /* TippyUITests.swift */; };
/* End PBXBuildFile section */

/* Begin PBXContainerItemProxy section */
		1809049F1FB59F530080AC56 /* PBXContainerItemProxy */ = {
			isa = PBXContainerItemProxy;
			containerPortal = 180904821FB59F530080AC56 /* Project object */;
			proxyType = 1;
			remoteGlobalIDString = 180904891FB59F530080AC56;
			remoteInfo = Tippy;
		};
		180904AA1FB59F530080AC56 /* PBXContainerItemProxy */ = {
			isa = PBXContainerItemProxy;
			containerPortal = 180904821FB59F530080AC56 /* Project object */;
			proxyType = 1;
			remoteGlobalIDString = 180904891FB59F530080AC56;
			remoteInfo = Tippy;
		};
/* End PBXContainerItemProxy section */

/* Begin PBXFileReference section */
		1809048A1FB59F530080AC56 /* Tippy.app */ = {isa = PBXFileReference; explicitFileType = wrapper.application; includeInIndex = 0; path = Tippy.app; sourceTree = BUILT_PRODUCTS_DIR; };
		1809048D1FB59F530080AC56 /* AppDelegate.swift */ = {isa = PBXFileReference; lastKnownFileType = sourcecode.swift; path = AppDelegate.swift; sourceTree = "<group>"; };
		1809048F1FB59F530080AC56 /* ViewController.swift */ = {isa = PBXFileReference; lastKnownFileType = sourcecode.swift; path = ViewController.swift; sourceTree = "<group>"; };
		180904921FB59F530080AC56 /* Base */ = {isa = PBXFileReference; lastKnownFileType = file.storyboard; name = Base; path = Base.lproj/Main.storyboard; sourceTree = "<group>"; };
		180904941FB59F530080AC56 /* Assets.xcassets */ = {isa = PBXFileReference; lastKnownFileType = folder.assetcatalog; path = Assets.xcassets; sourceTree = "<group>"; };
		180904971FB59F530080AC56 /* Base */ = {isa = PBXFileReference; lastKnownFileType = file.storyboard; name = Base; path = Base.lproj/LaunchScreen.storyboard; sourceTree = "<group>"; };
		180904991FB59F530080AC56 /* Info.plist */ = {isa = PBXFileReference; lastKnownFileType = text.plist.xml; path = Info.plist; sourceTree = "<group>"; };
		1809049E1FB59F530080AC56 /* TippyTests.xctest */ = {isa = PBXFileReference; explicitFileType = wrapper.cfbundle; includeInIndex = 0; path = TippyTests.xctest; sourceTree = BUILT_PRODUCTS_DIR; };
		180904A21FB59F530080AC56 /* TippyTests.swift */ = {isa = PBXFileReference; lastKnownFileType = sourcecode.swift; path = TippyTests.swift; sourceTree = "<group>"; };
		180904A41FB59F530080AC56 /* Info.plist */ = {isa = PBXFileReference; lastKnownFileType = text.plist.xml; path = Info.plist; sourceTree = "<group>"; };
		180904A91FB59F530080AC56 /* TippyUITests.xctest */ = {isa = PBXFileReference; explicitFileType = wrapper.cfbundle; includeInIndex = 0; path = TippyUITests.xctest; sourceTree = BUILT_PRODUCTS_DIR; };
		180904AD1FB59F530080AC56 /* TippyUITests.swift */ = {isa = PBXFileReference; lastKnownFileType = sourcecode.swift; path = TippyUITests.swift; sourceTree = "<group>"; };
		180904AF1FB59F540080AC56 /* Info.plist */ = {isa = PBXFileReference; lastKnownFileType = text.plist.xml; path = Info.plist; sourceTree = "<group>"; };
/* End PBXFileReference section */

/* Begin PBXFrameworksBuildPhase section */
		180904871FB59F530080AC56 /* Frameworks */ = {
			isa = PBXFrameworksBuildPhase;
			buildActionMask = 2147483647;
			files = (
			);
			runOnlyForDeploymentPostprocessing = 0;
		};
		1809049B1FB59F530080AC56 /* Frameworks */ = {
			isa = PBXFrameworksBuildPhase;
			buildActionMask = 2147483647;
			files = (
			);
			runOnlyForDeploymentPostprocessing = 0;
		};
		180904A61FB59F530080AC56 /* Frameworks */ = {
			isa = PBXFrameworksBuildPhase;
			buildActionMask = 2147483647;
			files = (
			);
			runOnlyForDeploymentPostprocessing = 0;
		};
/* End PBXFrameworksBuildPhase section */

/* Begin PBXGroup section */
		180904811FB59F530080AC56 = {
			isa = PBXGroup;
			children = (
				1809048C1FB59F530080AC56 /* Tippy */,
				180904A11FB59F530080AC56 /* TippyTests */,
				180904AC1FB59F530080AC56 /* TippyUITests */,
				1809048B1FB59F530080AC56 /* Products */,
			);
			sourceTree = "<group>";
		};
		1809048B1FB59F530080AC56 /* Products */ = {
			isa = PBXGroup;
			children = (
				1809048A1FB59F530080AC56 /* Tippy.app */,
				1809049E1FB59F530080AC56 /* TippyTests.xctest */,
				180904A91FB59F530080AC56 /* TippyUITests.xctest */,
			);
			name = Products;
			sourceTree = "<group>";
		};
		1809048C1FB59F530080AC56 /* Tippy */ = {
			isa = PBXGroup;
			children = (
				1809048D1FB59F530080AC56 /* AppDelegate.swift */,
				1809048F1FB59F530080AC56 /* ViewController.swift */,
				180904911FB59F530080AC56 /* Main.storyboard */,
				180904941FB59F530080AC56 /* Assets.xcassets */,
				180904961FB59F530080AC56 /* LaunchScreen.storyboard */,
				180904991FB59F530080AC56 /* Info.plist */,
			);
			path = Tippy;
			sourceTree = "<group>";
		};
		180904A11FB59F530080AC56 /* TippyTests */ = {
			isa = PBXGroup;
			children = (
				180904A21FB59F530080AC56 /* TippyTests.swift */,
				180904A41FB59F530080AC56 /* Info.plist */,
			);
			path = TippyTests;
			sourceTree = "<group>";
		};
		180904AC1FB59F530080AC56 /* TippyUITests */ = {
			isa = PBXGroup;
			children = (
				180904AD1FB59F530080AC56 /* TippyUITests.swift */,
				180904AF1FB59F540080AC56 /* Info.plist */,
			);
			path = TippyUITests;
			sourceTree = "<group>";
		};
/* End PBXGroup section */

/* Begin PBXNativeTarget section */
		180904891FB59F530080AC56 /* Tippy */ = {
			isa = PBXNativeTarget;
			buildConfigurationList = 180904B21FB59F540080AC56 /* Build configuration list for PBXNativeTarget "Tippy" */;
			buildPhases = (
				180904861FB59F530080AC56 /* Sources */,
				180904871FB59F530080AC56 /* Frameworks */,
				180904881FB59F530080AC56 /* Resources */,
			);
			buildRules = (
			);
			dependencies = (
			);
			name = Tippy;
			productName = Tippy;
			productReference = 1809048A1FB59F530080AC56 /* Tippy.app */;
			productType = "com.apple.product-type.application";
		};
		1809049D1FB59F530080AC56 /* TippyTests */ = {
			isa = PBXNativeTarget;
			buildConfigurationList = 180904B51FB59F540080AC56 /* Build configuration list for PBXNativeTarget "TippyTests" */;
			buildPhases = (
				1809049A1FB59F530080AC56 /* Sources */,
				1809049B1FB59F530080AC56 /* Frameworks */,
				1809049C1FB59F530080AC56 /* Resources */,
			);
			buildRules = (
			);
			dependencies = (
				180904A01FB59F530080AC56 /* PBXTargetDependency */,
			);
			name = TippyTests;
			productName = TippyTests;
			productReference = 1809049E1FB59F530080AC56 /* TippyTests.xctest */;
			productType = "com.apple.product-type.bundle.unit-test";
		};
		180904A81FB59F530080AC56 /* TippyUITests */ = {
			isa = PBXNativeTarget;
			buildConfigurationList = 180904B81FB59F540080AC56 /* Build configuration list for PBXNativeTarget "TippyUITests" */;
			buildPhases = (
				180904A51FB59F530080AC56 /* Sources */,
				180904A61FB59F530080AC56 /* Frameworks */,
				180904A71FB59F530080AC56 /* Resources */,
			);
			buildRules = (
			);
			dependencies = (
				180904AB1FB59F530080AC56 /* PBXTargetDependency */,
			);
			name = TippyUITests;
			productName = TippyUITests;
			productReference = 180904A91FB59F530080AC56 /* TippyUITests.xctest */;
			productType = "com.apple.product-type.bundle.ui-testing";
		};
/* End PBXNativeTarget section */

/* Begin PBXProject section */
		180904821FB59F530080AC56 /* Project object */ = {
			isa = PBXProject;
			attributes = {
				LastSwiftUpdateCheck = 0910;
				LastUpgradeCheck = 0910;
				ORGANIZATIONNAME = "Miles Cohen";
				TargetAttributes = {
					180904891FB59F530080AC56 = {
						CreatedOnToolsVersion = 9.1;
						ProvisioningStyle = Automatic;
					};
					1809049D1FB59F530080AC56 = {
						CreatedOnToolsVersion = 9.1;
						ProvisioningStyle = Automatic;
						TestTargetID = 180904891FB59F530080AC56;
					};
					180904A81FB59F530080AC56 = {
						CreatedOnToolsVersion = 9.1;
						ProvisioningStyle = Automatic;
						TestTargetID = 180904891FB59F530080AC56;
					};
				};
			};
			buildConfigurationList = 180904851FB59F530080AC56 /* Build configuration list for PBXProject "Tippy" */;
			compatibilityVersion = "Xcode 8.0";
			developmentRegion = en;
			hasScannedForEncodings = 0;
			knownRegions = (
				en,
				Base,
			);
			mainGroup = 180904811FB59F530080AC56;
			productRefGroup = 1809048B1FB59F530080AC56 /* Products */;
			projectDirPath = "";
			projectRoot = "";
			targets = (
				180904891FB59F530080AC56 /* Tippy */,
				1809049D1FB59F530080AC56 /* TippyTests */,
				180904A81FB59F530080AC56 /* TippyUITests */,
			);
		};
/* End PBXProject section */

/* Begin PBXResourcesBuildPhase section */
		180904881FB59F530080AC56 /* Resources */ = {
			isa = PBXResourcesBuildPhase;
			buildActionMask = 2147483647;
			files = (
				180904981FB59F530080AC56 /* LaunchScreen.storyboard in Resources */,
				180904951FB59F530080AC56 /* Assets.xcassets in Resources */,
				180904931FB59F530080AC56 /* Main.storyboard in Resources */,
			);
			runOnlyForDeploymentPostprocessing = 0;
		};
		1809049C1FB59F530080AC56 /* Resources */ = {
			isa = PBXResourcesBuildPhase;
			buildActionMask = 2147483647;
			files = (
			);
			runOnlyForDeploymentPostprocessing = 0;
		};
		180904A71FB59F530080AC56 /* Resources */ = {
			isa = PBXResourcesBuildPhase;
			buildActionMask = 2147483647;
			files = (
			);
			runOnlyForDeploymentPostprocessing = 0;
		};
/* End PBXResourcesBuildPhase section */

/* Begin PBXSourcesBuildPhase section */
		180904861FB59F530080AC56 /* Sources */ = {
			isa = PBXSourcesBuildPhase;
			buildActionMask = 2147483647;
			files = (
				180904901FB59F530080AC56 /* ViewController.swift in Sources */,
				1809048E1FB59F530080AC56 /* AppDelegate.swift in Sources */,
			);
			runOnlyForDeploymentPostprocessing = 0;
		};
		1809049A1FB59F530080AC56 /* Sources */ = {
			isa = PBXSourcesBuildPhase;
			buildActionMask = 2147483647;
			files = (
				180904A31FB59F530080AC56 /* TippyTests.swift in Sources */,
			);
			runOnlyForDeploymentPostprocessing = 0;
		};
		180904A51FB59F530080AC56 /* Sources */ = {
			isa = PBXSourcesBuildPhase;
			buildActionMask = 2147483647;
			files = (
				180904AE1FB59F530080AC56 /* TippyUITests.swift in Sources */,
			);
			runOnlyForDeploymentPostprocessing = 0;
		};
/* End PBXSourcesBuildPhase section */

/* Begin PBXTargetDependency section */
		180904A01FB59F530080AC56 /* PBXTargetDependency */ = {
			isa = PBXTargetDependency;
			target = 180904891FB59F530080AC56 /* Tippy */;
			targetProxy = 1809049F1FB59F530080AC56 /* PBXContainerItemProxy */;
		};
		180904AB1FB59F530080AC56 /* PBXTargetDependency */ = {
			isa = PBXTargetDependency;
			target = 180904891FB59F530080AC56 /* Tippy */;
			targetProxy = 180904AA1FB59F530080AC56 /* PBXContainerItemProxy */;
		};
/* End PBXTargetDependency section */

/* Begin PBXVariantGroup section */
		180904911FB59F530080AC56 /* Main.storyboard */ = {
			isa = PBXVariantGroup;
			children = (
				180904921FB59F530080AC56 /* Base */,
			);
			name = Main.storyboard;
			sourceTree = "<group>";
		};
		180904961FB59F530080AC56 /* LaunchScreen.storyboard */ = {
			isa = PBXVariantGroup;
			children = (
				180904971FB59F530080AC56 /* Base */,
			);
			name = LaunchScreen.storyboard;
			sourceTree = "<group>";
		};
/* End PBXVariantGroup section */

/* Begin XCBuildConfiguration section */
		180904B01FB59F540080AC56 /* Debug */ = {
			isa = XCBuildConfiguration;
			buildSettings = {
				ALWAYS_SEARCH_USER_PATHS = NO;
				CLANG_ANALYZER_NONNULL = YES;
				CLANG_ANALYZER_NUMBER_OBJECT_CONVERSION = YES_AGGRESSIVE;
				CLANG_CXX_LANGUAGE_STANDARD = "gnu++14";
				CLANG_CXX_LIBRARY = "libc++";
				CLANG_ENABLE_MODULES = YES;
				CLANG_ENABLE_OBJC_ARC = YES;
				CLANG_WARN_BLOCK_CAPTURE_AUTORELEASING = YES;
				CLANG_WARN_BOOL_CONVERSION = YES;
				CLANG_WARN_COMMA = YES;
				CLANG_WARN_CONSTANT_CONVERSION = YES;
				CLANG_WARN_DIRECT_OBJC_ISA_USAGE = YES_ERROR;
				CLANG_WARN_DOCUMENTATION_COMMENTS = YES;
				CLANG_WARN_EMPTY_BODY = YES;
				CLANG_WARN_ENUM_CONVERSION = YES;
				CLANG_WARN_INFINITE_RECURSION = YES;
				CLANG_WARN_INT_CONVERSION = YES;
				CLANG_WARN_NON_LITERAL_NULL_CONVERSION = YES;
				CLANG_WARN_OBJC_LITERAL_CONVERSION = YES;
				CLANG_WARN_OBJC_ROOT_CLASS = YES_ERROR;
				CLANG_WARN_RANGE_LOOP_ANALYSIS = YES;
				CLANG_WARN_STRICT_PROTOTYPES = YES;
				CLANG_WARN_SUSPICIOUS_MOVE = YES;
				CLANG_WARN_UNGUARDED_AVAILABILITY = YES_AGGRESSIVE;
				CLANG_WARN_UNREACHABLE_CODE = YES;
				CLANG_WARN__DUPLICATE_METHOD_MATCH = YES;
				CODE_SIGN_IDENTITY = "iPhone Developer";
				COPY_PHASE_STRIP = NO;
				DEBUG_INFORMATION_FORMAT = dwarf;
				ENABLE_STRICT_OBJC_MSGSEND = YES;
				ENABLE_TESTABILITY = YES;
				GCC_C_LANGUAGE_STANDARD = gnu11;
				GCC_DYNAMIC_NO_PIC = NO;
				GCC_NO_COMMON_BLOCKS = YES;
				GCC_OPTIMIZATION_LEVEL = 0;
				GCC_PREPROCESSOR_DEFINITIONS = (
					"DEBUG=1",
					"$(inherited)",
				);
				GCC_WARN_64_TO_32_BIT_CONVERSION = YES;
				GCC_WARN_ABOUT_RETURN_TYPE = YES_ERROR;
				GCC_WARN_UNDECLARED_SELECTOR = YES;
				GCC_WARN_UNINITIALIZED_AUTOS = YES_AGGRESSIVE;
				GCC_WARN_UNUSED_FUNCTION = YES;
				GCC_WARN_UNUSED_VARIABLE = YES;
				IPHONEOS_DEPLOYMENT_TARGET = 11.1;
				MTL_ENABLE_DEBUG_INFO = YES;
				ONLY_ACTIVE_ARCH = YES;
				SDKROOT = iphoneos;
				SWIFT_ACTIVE_COMPILATION_CONDITIONS = DEBUG;
				SWIFT_OPTIMIZATION_LEVEL = "-Onone";
			};
			name = Debug;
		};
		180904B11FB59F540080AC56 /* Release */ = {
			isa = XCBuildConfiguration;
			buildSettings = {
				ALWAYS_SEARCH_USER_PATHS = NO;
				CLANG_ANALYZER_NONNULL = YES;
				CLANG_ANALYZER_NUMBER_OBJECT_CONVERSION = YES_AGGRESSIVE;
				CLANG_CXX_LANGUAGE_STANDARD = "gnu++14";
				CLANG_CXX_LIBRARY = "libc++";
				CLANG_ENABLE_MODULES = YES;
				CLANG_ENABLE_OBJC_ARC = YES;
				CLANG_WARN_BLOCK_CAPTURE_AUTORELEASING = YES;
				CLANG_WARN_BOOL_CONVERSION = YES;
				CLANG_WARN_COMMA = YES;
				CLANG_WARN_CONSTANT_CONVERSION = YES;
				CLANG_WARN_DIRECT_OBJC_ISA_USAGE = YES_ERROR;
				CLANG_WARN_DOCUMENTATION_COMMENTS = YES;
				CLANG_WARN_EMPTY_BODY = YES;
				CLANG_WARN_ENUM_CONVERSION = YES;
				CLANG_WARN_INFINITE_RECURSION = YES;
				CLANG_WARN_INT_CONVERSION = YES;
				CLANG_WARN_NON_LITERAL_NULL_CONVERSION = YES;
				CLANG_WARN_OBJC_LITERAL_CONVERSION = YES;
				CLANG_WARN_OBJC_ROOT_CLASS = YES_ERROR;
				CLANG_WARN_RANGE_LOOP_ANALYSIS = YES;
				CLANG_WARN_STRICT_PROTOTYPES = YES;
				CLANG_WARN_SUSPICIOUS_MOVE = YES;
				CLANG_WARN_UNGUARDED_AVAILABILITY = YES_AGGRESSIVE;
				CLANG_WARN_UNREACHABLE_CODE = YES;
				CLANG_WARN__DUPLICATE_METHOD_MATCH = YES;
				CODE_SIGN_IDENTITY = "iPhone Developer";
				COPY_PHASE_STRIP = NO;
				DEBUG_INFORMATION_FORMAT = "dwarf-with-dsym";
				ENABLE_NS_ASSERTIONS = NO;
				ENABLE_STRICT_OBJC_MSGSEND = YES;
				GCC_C_LANGUAGE_STANDARD = gnu11;
				GCC_NO_COMMON_BLOCKS = YES;
				GCC_WARN_64_TO_32_BIT_CONVERSION = YES;
				GCC_WARN_ABOUT_RETURN_TYPE = YES_ERROR;
				GCC_WARN_UNDECLARED_SELECTOR = YES;
				GCC_WARN_UNINITIALIZED_AUTOS = YES_AGGRESSIVE;
				GCC_WARN_UNUSED_FUNCTION = YES;
				GCC_WARN_UNUSED_VARIABLE = YES;
				IPHONEOS_DEPLOYMENT_TARGET = 11.1;
				MTL_ENABLE_DEBUG_INFO = NO;
				SDKROOT = iphoneos;
				SWIFT_OPTIMIZATION_LEVEL = "-Owholemodule";
				VALIDATE_PRODUCT = YES;
			};
			name = Release;
		};
		180904B31FB59F540080AC56 /* Debug */ = {
			isa = XCBuildConfiguration;
			buildSettings = {
				ASSETCATALOG_COMPILER_APPICON_NAME = AppIcon;
				CODE_SIGN_STYLE = Automatic;
				DEVELOPMENT_TEAM = 3N7EUE5Y98;
				INFOPLIST_FILE = Tippy/Info.plist;
				IPHONEOS_DEPLOYMENT_TARGET = 11.0;
				LD_RUNPATH_SEARCH_PATHS = "$(inherited) @executable_path/Frameworks";
				PRODUCT_BUNDLE_IDENTIFIER = MilesMCohen.Tippy;
				PRODUCT_NAME = "$(TARGET_NAME)";
				SWIFT_VERSION = 4.0;
				TARGETED_DEVICE_FAMILY = 1;
			};
			name = Debug;
		};
		180904B41FB59F540080AC56 /* Release */ = {
			isa = XCBuildConfiguration;
			buildSettings = {
				ASSETCATALOG_COMPILER_APPICON_NAME = AppIcon;
				CODE_SIGN_STYLE = Automatic;
				DEVELOPMENT_TEAM = 3N7EUE5Y98;
				INFOPLIST_FILE = Tippy/Info.plist;
				IPHONEOS_DEPLOYMENT_TARGET = 11.0;
				LD_RUNPATH_SEARCH_PATHS = "$(inherited) @executable_path/Frameworks";
				PRODUCT_BUNDLE_IDENTIFIER = MilesMCohen.Tippy;
				PRODUCT_NAME = "$(TARGET_NAME)";
				SWIFT_VERSION = 4.0;
				TARGETED_DEVICE_FAMILY = 1;
			};
			name = Release;
		};
		180904B61FB59F540080AC56 /* Debug */ = {
			isa = XCBuildConfiguration;
			buildSettings = {
				ALWAYS_EMBED_SWIFT_STANDARD_LIBRARIES = YES;
				BUNDLE_LOADER = "$(TEST_HOST)";
				CODE_SIGN_STYLE = Automatic;
				INFOPLIST_FILE = TippyTests/Info.plist;
				LD_RUNPATH_SEARCH_PATHS = "$(inherited) @executable_path/Frameworks @loader_path/Frameworks";
				PRODUCT_BUNDLE_IDENTIFIER = MilesMCohen.TippyTests;
				PRODUCT_NAME = "$(TARGET_NAME)";
				SWIFT_VERSION = 4.0;
				TARGETED_DEVICE_FAMILY = "1,2";
				TEST_HOST = "$(BUILT_PRODUCTS_DIR)/Tippy.app/Tippy";
			};
			name = Debug;
		};
		180904B71FB59F540080AC56 /* Release */ = {
			isa = XCBuildConfiguration;
			buildSettings = {
				ALWAYS_EMBED_SWIFT_STANDARD_LIBRARIES = YES;
				BUNDLE_LOADER = "$(TEST_HOST)";
				CODE_SIGN_STYLE = Automatic;
				INFOPLIST_FILE = TippyTests/Info.plist;
				LD_RUNPATH_SEARCH_PATHS = "$(inherited) @executable_path/Frameworks @loader_path/Frameworks";
				PRODUCT_BUNDLE_IDENTIFIER = MilesMCohen.TippyTests;
				PRODUCT_NAME = "$(TARGET_NAME)";
				SWIFT_VERSION = 4.0;
				TARGETED_DEVICE_FAMILY = "1,2";
				TEST_HOST = "$(BUILT_PRODUCTS_DIR)/Tippy.app/Tippy";
			};
			name = Release;
		};
		180904B91FB59F540080AC56 /* Debug */ = {
			isa = XCBuildConfiguration;
			buildSettings = {
				ALWAYS_EMBED_SWIFT_STANDARD_LIBRARIES = YES;
				CODE_SIGN_STYLE = Automatic;
				INFOPLIST_FILE = TippyUITests/Info.plist;
				LD_RUNPATH_SEARCH_PATHS = "$(inherited) @executable_path/Frameworks @loader_path/Frameworks";
				PRODUCT_BUNDLE_IDENTIFIER = MilesMCohen.TippyUITests;
				PRODUCT_NAME = "$(TARGET_NAME)";
				SWIFT_VERSION = 4.0;
				TARGETED_DEVICE_FAMILY = "1,2";
				TEST_TARGET_NAME = Tippy;
			};
			name = Debug;
		};
		180904BA1FB59F540080AC56 /* Release */ = {
			isa = XCBuildConfiguration;
			buildSettings = {
				ALWAYS_EMBED_SWIFT_STANDARD_LIBRARIES = YES;
				CODE_SIGN_STYLE = Automatic;
				INFOPLIST_FILE = TippyUITests/Info.plist;
				LD_RUNPATH_SEARCH_PATHS = "$(inherited) @executable_path/Frameworks @loader_path/Frameworks";
				PRODUCT_BUNDLE_IDENTIFIER = MilesMCohen.TippyUITests;
				PRODUCT_NAME = "$(TARGET_NAME)";
				SWIFT_VERSION = 4.0;
				TARGETED_DEVICE_FAMILY = "1,2";
				TEST_TARGET_NAME = Tippy;
			};
			name = Release;
		};
/* End XCBuildConfiguration section */

/* Begin XCConfigurationList section */
		180904851FB59F530080AC56 /* Build configuration list for PBXProject "Tippy" */ = {
			isa = XCConfigurationList;
			buildConfigurations = (
				180904B01FB59F540080AC56 /* Debug */,
				180904B11FB59F540080AC56 /* Release */,
			);
			defaultConfigurationIsVisible = 0;
			defaultConfigurationName = Release;
		};
		180904B21FB59F540080AC56 /* Build configuration list for PBXNativeTarget "Tippy" */ = {
			isa = XCConfigurationList;
			buildConfigurations = (
				180904B31FB59F540080AC56 /* Debug */,
				180904B41FB59F540080AC56 /* Release */,
			);
			defaultConfigurationIsVisible = 0;
			defaultConfigurationName = Release;
		};
		180904B51FB59F540080AC56 /* Build configuration list for PBXNativeTarget "TippyTests" */ = {
			isa = XCConfigurationList;
			buildConfigurations = (
				180904B61FB59F540080AC56 /* Debug */,
				180904B71FB59F540080AC56 /* Release */,
			);
			defaultConfigurationIsVisible = 0;
			defaultConfigurationName = Release;
		};
		180904B81FB59F540080AC56 /* Build configuration list for PBXNativeTarget "TippyUITests" */ = {
			isa = XCConfigurationList;
			buildConfigurations = (
				180904B91FB59F540080AC56 /* Debug */,
				180904BA1FB59F540080AC56 /* Release */,
			);
			defaultConfigurationIsVisible = 0;
			defaultConfigurationName = Release;
		};
/* End XCConfigurationList section */
	};
	rootObject = 180904821FB59F530080AC56 /* Project object */;
}
